
Microsoft Visual Studio Solution File, Format Version 12.00
# Visual Studio 2013
VisualStudioVersion = 12.0.21005.1
MinimumVisualStudioVersion = 10.0.40219.1
Project("{FAE04EC0-301F-11D3-BF4B-00C04F79EFBC}") = "arrays_2", "arrays_2\arrays_2.csproj", "{33653F62-801F-4E72-AA69-45700C0E90A8}"
EndProject
Project("{FAE04EC0-301F-11D3-BF4B-00C04F79EFBC}") = "arrays_3", "arrays_3\arrays_3.csproj", "{FB00598A-5212-4768-BD2B-49E64C6368B3}"
EndProject
Project("{FAE04EC0-301F-11D3-BF4B-00C04F79EFBC}") = "arrays_4", "arrays_4\arrays_4.csproj", "{A9476CF7-545C-4AE0-B211-031F4C5AC51B}"
EndProject
Project("{FAE04EC0-301F-11D3-BF4B-00C04F79EFBC}") = "arrays_5", "arrays_5\arrays_5.csproj", "{8099C754-AA21-40EB-8131-A9E156B1A84B}"
EndProject
Project("{FAE04EC0-301F-11D3-BF4B-00C04F79EFBC}") = "arrays_6", "arrays_6\arrays_6.csproj", "{010AD976-5DED-4354-A013-25382CF9DA8C}"
EndProject
Project("{FAE04EC0-301F-11D3-BF4B-00C04F79EFBC}") = "arrays_7", "arrays_7\arrays_7.csproj", "{3916E2E3-83A0-463D-A941-59B7F3218300}"
EndProject
Project("{FAE04EC0-301F-11D3-BF4B-00C04F79EFBC}") = "arrays_8", "arrays_8\arrays_8.csproj", "{DC6A5174-514D-4E9E-A4F7-DDD05745D037}"
EndProject
Project("{FAE04EC0-301F-11D3-BF4B-00C04F79EFBC}") = "arrays_1", "arrays_1\arrays_1.csproj", "{45D6FEBF-BDE7-4212-A629-D12ED6ABF7F1}"
EndProject
Global
	GlobalSection(SolutionConfigurationPlatforms) = preSolution
		Debug|Any CPU = Debug|Any CPU
		Release|Any CPU = Release|Any CPU
	EndGlobalSection
	GlobalSection(ProjectConfigurationPlatforms) = postSolution
		{33653F62-801F-4E72-AA69-45700C0E90A8}.Debug|Any CPU.ActiveCfg = Debug|Any CPU
		{33653F62-801F-4E72-AA69-45700C0E90A8}.Debug|Any CPU.Build.0 = Debug|Any CPU
		{33653F62-801F-4E72-AA69-45700C0E90A8}.Release|Any CPU.ActiveCfg = Release|Any CPU
		{33653F62-801F-4E72-AA69-45700C0E90A8}.Release|Any CPU.Build.0 = Release|Any CPU
		{FB00598A-5212-4768-BD2B-49E64C6368B3}.Debug|Any CPU.ActiveCfg = Debug|Any CPU
		{FB00598A-5212-4768-BD2B-49E64C6368B3}.Debug|Any CPU.Build.0 = Debug|Any CPU
		{FB00598A-5212-4768-BD2B-49E64C6368B3}.Release|Any CPU.ActiveCfg = Release|Any CPU
		{FB00598A-5212-4768-BD2B-49E64C6368B3}.Release|Any CPU.Build.0 = Release|Any CPU
		{A9476CF7-545C-4AE0-B211-031F4C5AC51B}.Debug|Any CPU.ActiveCfg = Debug|Any CPU
		{A9476CF7-545C-4AE0-B211-031F4C5AC51B}.Debug|Any CPU.Build.0 = Debug|Any CPU
		{A9476CF7-545C-4AE0-B211-031F4C5AC51B}.Release|Any CPU.ActiveCfg = Release|Any CPU
		{A9476CF7-545C-4AE0-B211-031F4C5AC51B}.Release|Any CPU.Build.0 = Release|Any CPU
		{8099C754-AA21-40EB-8131-A9E156B1A84B}.Debug|Any CPU.ActiveCfg = Debug|Any CPU
		{8099C754-AA21-40EB-8131-A9E156B1A84B}.Debug|Any CPU.Build.0 = Debug|Any CPU
		{8099C754-AA21-40EB-8131-A9E156B1A84B}.Release|Any CPU.ActiveCfg = Release|Any CPU
		{8099C754-AA21-40EB-8131-A9E156B1A84B}.Release|Any CPU.Build.0 = Release|Any CPU
		{010AD976-5DED-4354-A013-25382CF9DA8C}.Debug|Any CPU.ActiveCfg = Debug|Any CPU
		{010AD976-5DED-4354-A013-25382CF9DA8C}.Debug|Any CPU.Build.0 = Debug|Any CPU
		{010AD976-5DED-4354-A013-25382CF9DA8C}.Release|Any CPU.ActiveCfg = Release|Any CPU
		{010AD976-5DED-4354-A013-25382CF9DA8C}.Release|Any CPU.Build.0 = Release|Any CPU
		{3916E2E3-83A0-463D-A941-59B7F3218300}.Debug|Any CPU.ActiveCfg = Debug|Any CPU
		{3916E2E3-83A0-463D-A941-59B7F3218300}.Debug|Any CPU.Build.0 = Debug|Any CPU
		{3916E2E3-83A0-463D-A941-59B7F3218300}.Release|Any CPU.ActiveCfg = Release|Any CPU
		{3916E2E3-83A0-463D-A941-59B7F3218300}.Release|Any CPU.Build.0 = Release|Any CPU
		{DC6A5174-514D-4E9E-A4F7-DDD05745D037}.Debug|Any CPU.ActiveCfg = Debug|Any CPU
		{DC6A5174-514D-4E9E-A4F7-DDD05745D037}.Debug|Any CPU.Build.0 = Debug|Any CPU
		{DC6A5174-514D-4E9E-A4F7-DDD05745D037}.Release|Any CPU.ActiveCfg = Release|Any CPU
		{DC6A5174-514D-4E9E-A4F7-DDD05745D037}.Release|Any CPU.Build.0 = Release|Any CPU
		{45D6FEBF-BDE7-4212-A629-D12ED6ABF7F1}.Debug|Any CPU.ActiveCfg = Debug|Any CPU
		{45D6FEBF-BDE7-4212-A629-D12ED6ABF7F1}.Debug|Any CPU.Build.0 = Debug|Any CPU
		{45D6FEBF-BDE7-4212-A629-D12ED6ABF7F1}.Release|Any CPU.ActiveCfg = Release|Any CPU
		{45D6FEBF-BDE7-4212-A629-D12ED6ABF7F1}.Release|Any CPU.Build.0 = Release|Any CPU
	EndGlobalSection
	GlobalSection(SolutionProperties) = preSolution
		HideSolutionNode = FALSE
	EndGlobalSection
EndGlobal
