
Microsoft Visual Studio Solution File, Format Version 12.00
# Visual Studio 2013
VisualStudioVersion = 12.0.21005.1
MinimumVisualStudioVersion = 10.0.40219.1
Project("{FAE04EC0-301F-11D3-BF4B-00C04F79EFBC}") = "Exception_1", "Exception_1\Exception_1.csproj", "{CEB823CA-FB20-4F70-9BAD-F76133164018}"
EndProject
Project("{FAE04EC0-301F-11D3-BF4B-00C04F79EFBC}") = "Exception_2", "Exception_2\Exception_2.csproj", "{2F8F62BC-C609-49E1-9498-930E5C12A8D2}"
EndProject
Global
	GlobalSection(SolutionConfigurationPlatforms) = preSolution
		Debug|Any CPU = Debug|Any CPU
		Release|Any CPU = Release|Any CPU
	EndGlobalSection
	GlobalSection(ProjectConfigurationPlatforms) = postSolution
		{CEB823CA-FB20-4F70-9BAD-F76133164018}.Debug|Any CPU.ActiveCfg = Debug|Any CPU
		{CEB823CA-FB20-4F70-9BAD-F76133164018}.Debug|Any CPU.Build.0 = Debug|Any CPU
		{CEB823CA-FB20-4F70-9BAD-F76133164018}.Release|Any CPU.ActiveCfg = Release|Any CPU
		{CEB823CA-FB20-4F70-9BAD-F76133164018}.Release|Any CPU.Build.0 = Release|Any CPU
		{2F8F62BC-C609-49E1-9498-930E5C12A8D2}.Debug|Any CPU.ActiveCfg = Debug|Any CPU
		{2F8F62BC-C609-49E1-9498-930E5C12A8D2}.Debug|Any CPU.Build.0 = Debug|Any CPU
		{2F8F62BC-C609-49E1-9498-930E5C12A8D2}.Release|Any CPU.ActiveCfg = Release|Any CPU
		{2F8F62BC-C609-49E1-9498-930E5C12A8D2}.Release|Any CPU.Build.0 = Release|Any CPU
	EndGlobalSection
	GlobalSection(SolutionProperties) = preSolution
		HideSolutionNode = FALSE
	EndGlobalSection
EndGlobal
